
Microsoft Visual Studio Solution File, Format Version 12.00
Project("{FAE04EC0-301F-11D3-BF4B-00C04F79EFBC}") = "MontyHallv1", "MontyHallv1\MontyHallv1.csproj", "{912E5035-B552-4026-AF37-363EF32117F3}"
EndProject
Project("{FAE04EC0-301F-11D3-BF4B-00C04F79EFBC}") = "MontyHallUnitTests", "MontyHallUnitTests\MontyHallUnitTests.csproj", "{0159F6C1-46E2-4A42-836D-A47068821E6E}"
EndProject
Global
	GlobalSection(SolutionConfigurationPlatforms) = preSolution
		Debug|Any CPU = Debug|Any CPU
		Release|Any CPU = Release|Any CPU
	EndGlobalSection
	GlobalSection(ProjectConfigurationPlatforms) = postSolution
		{912E5035-B552-4026-AF37-363EF32117F3}.Debug|Any CPU.ActiveCfg = Debug|Any CPU
		{912E5035-B552-4026-AF37-363EF32117F3}.Debug|Any CPU.Build.0 = Debug|Any CPU
		{912E5035-B552-4026-AF37-363EF32117F3}.Release|Any CPU.ActiveCfg = Release|Any CPU
		{912E5035-B552-4026-AF37-363EF32117F3}.Release|Any CPU.Build.0 = Release|Any CPU
		{0159F6C1-46E2-4A42-836D-A47068821E6E}.Debug|Any CPU.ActiveCfg = Debug|Any CPU
		{0159F6C1-46E2-4A42-836D-A47068821E6E}.Debug|Any CPU.Build.0 = Debug|Any CPU
		{0159F6C1-46E2-4A42-836D-A47068821E6E}.Release|Any CPU.ActiveCfg = Release|Any CPU
		{0159F6C1-46E2-4A42-836D-A47068821E6E}.Release|Any CPU.Build.0 = Release|Any CPU
	EndGlobalSection
EndGlobal
